# This file was autogenerated by Stack.
# You should not edit this file by hand.
# For more information, please see the documentation at:
#   https://docs.haskellstack.org/en/stable/lock_files

snapshots:
- original: lts-17.0
  completed:
    sha256: e93a85871577ea3423d5f3454b2b6bd37c2c2123c79faf511dfb64f5b49a9f8b
    url: https://raw.githubusercontent.com/commercialhaskell/stackage-snapshots/master/lts/17/0.yaml
    size: 563100
packages: []
